{
  "object": {
    "pins": [
      {
        "package": "RxSwift",
        "repositoryURL": "https://github.com/ReactiveX/RxSwift.git",
        "state": {
          "branch": null,
          "revision": "61261f2ee97ace3e08713921dd9406669b9debee",
          "version": "4.0.0-rc.0"
        }
      }
    ]
  },
  "version": 1
}
